{
  "name": "aisera-coding-test",
  "version": "1.0.0",
  "lockfileVersion": 3,
  "requires": true,
  "packages": {
    "": {
      "name": "aisera-coding-test",
      "version": "1.0.0",
      "license": "ISC",
      "dependencies": {
        "csv": "^6.3.1",
        "csv-parser": "^3.0.0",
        "csv-writer": "^1.6.0"
      }
    },
    "node_modules/csv": {
      "version": "6.3.1",
      "resolved": "https://registry.npmjs.org/csv/-/csv-6.3.1.tgz",
      "integrity": "sha512-ZTcWLvr0Ux0IQDz/QzhCToBVIZtF5GDrStMt9I8mRSk0jPnfF9OeYKz0EZTspaAEOK6hf515ag97nKmwoyU8ZA==",
      "dependencies": {
        "csv-generate": "^4.2.6",
        "csv-parse": "^5.4.0",
        "csv-stringify": "^6.4.0",
        "stream-transform": "^3.2.6"
      },
      "engines": {
        "node": ">= 0.1.90"
      }
    },
    "node_modules/csv-generate": {
      "version": "4.2.6",
      "resolved": "https://registry.npmjs.org/csv-generate/-/csv-generate-4.2.6.tgz",
      "integrity": "sha512-VtnYqhWLcsUocA346ewFOk+rrqcoT663j11vXzD2uelXq9WguQ3QzDeVD8ISso7hhVtkDSHcWl9psdemeiEHDA=="
    },
    "node_modules/csv-parse": {
      "version": "5.4.0",
      "resolved": "https://registry.npmjs.org/csv-parse/-/csv-parse-5.4.0.tgz",
      "integrity": "sha512-JiQosUWiOFgp4hQn0an+SBoV9IKdqzhROM0iiN4LB7UpfJBlsSJlWl9nq4zGgxgMAzHJ6V4t29VAVD+3+2NJAg=="
    },
    "node_modules/csv-parser": {
      "version": "3.0.0",
      "resolved": "https://registry.npmjs.org/csv-parser/-/csv-parser-3.0.0.tgz",
      "integrity": "sha512-s6OYSXAK3IdKqYO33y09jhypG/bSDHPuyCme/IdEHfWpLf/jKcpitVFyOC6UemgGk8v7Q5u2XE0vvwmanxhGlQ==",
      "dependencies": {
        "minimist": "^1.2.0"
      },
      "bin": {
        "csv-parser": "bin/csv-parser"
      },
      "engines": {
        "node": ">= 10"
      }
    },
    "node_modules/csv-stringify": {
      "version": "6.4.0",
      "resolved": "https://registry.npmjs.org/csv-stringify/-/csv-stringify-6.4.0.tgz",
      "integrity": "sha512-HQsw0QXiN5fdlO+R8/JzCZnR3Fqp8E87YVnhHlaPtNGJjt6ffbV0LpOkieIb1x6V1+xt878IYq77SpXHWAqKkA=="
    },
    "node_modules/csv-writer": {
      "version": "1.6.0",
      "resolved": "https://registry.npmjs.org/csv-writer/-/csv-writer-1.6.0.tgz",
      "integrity": "sha512-NOx7YDFWEsM/fTRAJjRpPp8t+MKRVvniAg9wQlUKx20MFrPs73WLJhFf5iteqrxNYnsy924K3Iroh3yNHeYd2g=="
    },
    "node_modules/minimist": {
      "version": "1.2.8",
      "resolved": "https://registry.npmjs.org/minimist/-/minimist-1.2.8.tgz",
      "integrity": "sha512-2yyAR8qBkN3YuheJanUpWC5U3bb5osDywNB8RzDVlDwDHbocAJveqqj1u8+SVD7jkWT4yvsHCpWqqWqAxb0zCA==",
      "funding": {
        "url": "https://github.com/sponsors/ljharb"
      }
    },
    "node_modules/stream-transform": {
      "version": "3.2.6",
      "resolved": "https://registry.npmjs.org/stream-transform/-/stream-transform-3.2.6.tgz",
      "integrity": "sha512-/pyOvaCQFqYTmrFhmMbnAEVo3SsTx1H39eUVPOtYeAgbEUc+rDo7GoP8LbHJgU83mKtzJe/7Nq/ipaAnUOHgJQ=="
    }
  }
}
